
Microsoft Visual Studio Solution File, Format Version 12.00
# Visual Studio Version 16
VisualStudioVersion = 16.0.32602.291
MinimumVisualStudioVersion = 10.0.40219.1
Project("{9A19103F-16F7-4668-BE54-9A1E7A4F7556}") = "app16", "app16\app16.csproj", "{99720BEA-94BE-4A72-B527-11C472AE966B}"
EndProject
Project("{FAE04EC0-301F-11D3-BF4B-00C04F79EFBC}") = "CommercialBankLibrary_16", "CommercialBankLibrary_16\CommercialBankLibrary_16.csproj", "{9F416F7F-3E88-48C2-9849-4D7F21CA3AB0}"
EndProject
Project("{9A19103F-16F7-4668-BE54-9A1E7A4F7556}") = "Async Test Console App", "Async Test Console App\Async Test Console App.csproj", "{7BAE8997-35B4-4FF7-8C65-1D09B27C8AF1}"
EndProject
Project("{9A19103F-16F7-4668-BE54-9A1E7A4F7556}") = "async test 2", "async test 2\async test 2.csproj", "{18A42BCC-C1CB-4300-B4BB-121BED9969EB}"
EndProject
Project("{FAE04EC0-301F-11D3-BF4B-00C04F79EFBC}") = "JsonTester", "JsonTester\JsonTester.csproj", "{4E61D002-DEAA-4434-BCE0-57E4F2F107E6}"
EndProject
Global
	GlobalSection(SolutionConfigurationPlatforms) = preSolution
		Debug|Any CPU = Debug|Any CPU
		Release|Any CPU = Release|Any CPU
	EndGlobalSection
	GlobalSection(ProjectConfigurationPlatforms) = postSolution
		{99720BEA-94BE-4A72-B527-11C472AE966B}.Debug|Any CPU.ActiveCfg = Debug|Any CPU
		{99720BEA-94BE-4A72-B527-11C472AE966B}.Debug|Any CPU.Build.0 = Debug|Any CPU
		{99720BEA-94BE-4A72-B527-11C472AE966B}.Release|Any CPU.ActiveCfg = Release|Any CPU
		{99720BEA-94BE-4A72-B527-11C472AE966B}.Release|Any CPU.Build.0 = Release|Any CPU
		{9F416F7F-3E88-48C2-9849-4D7F21CA3AB0}.Debug|Any CPU.ActiveCfg = Debug|Any CPU
		{9F416F7F-3E88-48C2-9849-4D7F21CA3AB0}.Debug|Any CPU.Build.0 = Debug|Any CPU
		{9F416F7F-3E88-48C2-9849-4D7F21CA3AB0}.Release|Any CPU.ActiveCfg = Release|Any CPU
		{9F416F7F-3E88-48C2-9849-4D7F21CA3AB0}.Release|Any CPU.Build.0 = Release|Any CPU
		{7BAE8997-35B4-4FF7-8C65-1D09B27C8AF1}.Debug|Any CPU.ActiveCfg = Debug|Any CPU
		{7BAE8997-35B4-4FF7-8C65-1D09B27C8AF1}.Debug|Any CPU.Build.0 = Debug|Any CPU
		{7BAE8997-35B4-4FF7-8C65-1D09B27C8AF1}.Release|Any CPU.ActiveCfg = Release|Any CPU
		{7BAE8997-35B4-4FF7-8C65-1D09B27C8AF1}.Release|Any CPU.Build.0 = Release|Any CPU
		{18A42BCC-C1CB-4300-B4BB-121BED9969EB}.Debug|Any CPU.ActiveCfg = Debug|Any CPU
		{18A42BCC-C1CB-4300-B4BB-121BED9969EB}.Debug|Any CPU.Build.0 = Debug|Any CPU
		{18A42BCC-C1CB-4300-B4BB-121BED9969EB}.Release|Any CPU.ActiveCfg = Release|Any CPU
		{18A42BCC-C1CB-4300-B4BB-121BED9969EB}.Release|Any CPU.Build.0 = Release|Any CPU
		{4E61D002-DEAA-4434-BCE0-57E4F2F107E6}.Debug|Any CPU.ActiveCfg = Debug|Any CPU
		{4E61D002-DEAA-4434-BCE0-57E4F2F107E6}.Debug|Any CPU.Build.0 = Debug|Any CPU
		{4E61D002-DEAA-4434-BCE0-57E4F2F107E6}.Release|Any CPU.ActiveCfg = Release|Any CPU
		{4E61D002-DEAA-4434-BCE0-57E4F2F107E6}.Release|Any CPU.Build.0 = Release|Any CPU
	EndGlobalSection
	GlobalSection(SolutionProperties) = preSolution
		HideSolutionNode = FALSE
	EndGlobalSection
	GlobalSection(ExtensibilityGlobals) = postSolution
		SolutionGuid = {283E58CE-C130-4286-BB53-F938B5522A4E}
	EndGlobalSection
EndGlobal
