
Microsoft Visual Studio Solution File, Format Version 12.00
# Visual Studio Version 16
VisualStudioVersion = 16.0.32413.511
MinimumVisualStudioVersion = 10.0.40219.1
Project("{FAE04EC0-301F-11D3-BF4B-00C04F79EFBC}") = "app11", "app11\app11.csproj", "{AE210BA4-4EC3-4BBF-AE96-8CA262DEA24E}"
EndProject
Global
	GlobalSection(SolutionConfigurationPlatforms) = preSolution
		Debug|Any CPU = Debug|Any CPU
		Release|Any CPU = Release|Any CPU
	EndGlobalSection
	GlobalSection(ProjectConfigurationPlatforms) = postSolution
		{AE210BA4-4EC3-4BBF-AE96-8CA262DEA24E}.Debug|Any CPU.ActiveCfg = Debug|Any CPU
		{AE210BA4-4EC3-4BBF-AE96-8CA262DEA24E}.Debug|Any CPU.Build.0 = Debug|Any CPU
		{AE210BA4-4EC3-4BBF-AE96-8CA262DEA24E}.Release|Any CPU.ActiveCfg = Release|Any CPU
		{AE210BA4-4EC3-4BBF-AE96-8CA262DEA24E}.Release|Any CPU.Build.0 = Release|Any CPU
	EndGlobalSection
	GlobalSection(SolutionProperties) = preSolution
		HideSolutionNode = FALSE
	EndGlobalSection
	GlobalSection(ExtensibilityGlobals) = postSolution
		SolutionGuid = {4A13D014-6CFE-4B89-B0B1-9F7AF29BF8B5}
	EndGlobalSection
EndGlobal
